
Microsoft Visual Studio Solution File, Format Version 12.00
# Visual Studio Version 17
VisualStudioVersion = 17.2.32505.173
MinimumVisualStudioVersion = 10.0.40219.1
Project("{8BC9CEB8-8B4A-11D0-8D11-00A0C91BC942}") = "Task1", "Task1\Task1.vcxproj", "{F29F1A8C-0F2A-4C3F-A868-DD87511040D0}"
EndProject
Project("{8BC9CEB8-8B4A-11D0-8D11-00A0C91BC942}") = "Task9", "Task9\Task9.vcxproj", "{7F4F21D5-2EEA-4E83-AF4A-D28E1D3BD5A1}"
EndProject
Project("{8BC9CEB8-8B4A-11D0-8D11-00A0C91BC942}") = "Task10", "Task10\Task10.vcxproj", "{94E089E6-D169-4834-AF62-A4594BD2CD96}"
EndProject
Project("{8BC9CEB8-8B4A-11D0-8D11-00A0C91BC942}") = "Task11", "Task11\Task11.vcxproj", "{E36466C7-2A97-4C9D-B8CB-901DA77A18C3}"
EndProject
Project("{8BC9CEB8-8B4A-11D0-8D11-00A0C91BC942}") = "Task12", "Task12\Task12.vcxproj", "{C59E8DCD-4E4F-4347-ABDA-15317F9B985C}"
EndProject
Project("{8BC9CEB8-8B4A-11D0-8D11-00A0C91BC942}") = "Task13", "Task13\Task13.vcxproj", "{BF881ED1-1021-4266-87A9-1D691138FCE8}"
EndProject
Project("{8BC9CEB8-8B4A-11D0-8D11-00A0C91BC942}") = "Task14", "Task14\Task14.vcxproj", "{6F95599F-8FCB-4ED5-8AA6-26873E41EDEF}"
EndProject
Project("{8BC9CEB8-8B4A-11D0-8D11-00A0C91BC942}") = "Task15", "Task15\Task15.vcxproj", "{072C974A-395F-4FB6-8FAA-3F88F55C332F}"
EndProject
Project("{8BC9CEB8-8B4A-11D0-8D11-00A0C91BC942}") = "Task16", "Task16\Task16.vcxproj", "{0F9A5AE0-F4E5-439B-BC25-34B7C70BE75E}"
EndProject
Project("{8BC9CEB8-8B4A-11D0-8D11-00A0C91BC942}") = "Task17", "Task17\Task17.vcxproj", "{CDCCE947-6DA9-43D7-8CD4-DDA59E69DF7C}"
EndProject
Project("{8BC9CEB8-8B4A-11D0-8D11-00A0C91BC942}") = "Task18", "Task18\Task18.vcxproj", "{A5E121F6-FDC0-4D37-9581-3DA364BACC3E}"
EndProject
Project("{8BC9CEB8-8B4A-11D0-8D11-00A0C91BC942}") = "Task19", "Task19\Task19.vcxproj", "{292E69C3-B659-436E-BECB-02F16AEE4591}"
EndProject
Project("{8BC9CEB8-8B4A-11D0-8D11-00A0C91BC942}") = "Task20", "Task20\Task20.vcxproj", "{FD916F36-2FF1-4116-886B-ED8EB2ADE4EB}"
EndProject
Project("{8BC9CEB8-8B4A-11D0-8D11-00A0C91BC942}") = "Task21", "Task21\Task21.vcxproj", "{EF4B0957-9F34-46E5-8265-1917DDD52DC7}"
EndProject
Project("{8BC9CEB8-8B4A-11D0-8D11-00A0C91BC942}") = "Task22", "Task22\Task22.vcxproj", "{5F890699-43A4-41B4-B669-64FD63E2C153}"
EndProject
Global
	GlobalSection(SolutionConfigurationPlatforms) = preSolution
		Debug|x64 = Debug|x64
		Debug|x86 = Debug|x86
		Release|x64 = Release|x64
		Release|x86 = Release|x86
	EndGlobalSection
	GlobalSection(ProjectConfigurationPlatforms) = postSolution
		{F29F1A8C-0F2A-4C3F-A868-DD87511040D0}.Debug|x64.ActiveCfg = Debug|x64
		{F29F1A8C-0F2A-4C3F-A868-DD87511040D0}.Debug|x64.Build.0 = Debug|x64
		{F29F1A8C-0F2A-4C3F-A868-DD87511040D0}.Debug|x86.ActiveCfg = Debug|Win32
		{F29F1A8C-0F2A-4C3F-A868-DD87511040D0}.Debug|x86.Build.0 = Debug|Win32
		{F29F1A8C-0F2A-4C3F-A868-DD87511040D0}.Release|x64.ActiveCfg = Release|x64
		{F29F1A8C-0F2A-4C3F-A868-DD87511040D0}.Release|x64.Build.0 = Release|x64
		{F29F1A8C-0F2A-4C3F-A868-DD87511040D0}.Release|x86.ActiveCfg = Release|Win32
		{F29F1A8C-0F2A-4C3F-A868-DD87511040D0}.Release|x86.Build.0 = Release|Win32
		{7F4F21D5-2EEA-4E83-AF4A-D28E1D3BD5A1}.Debug|x64.ActiveCfg = Debug|x64
		{7F4F21D5-2EEA-4E83-AF4A-D28E1D3BD5A1}.Debug|x64.Build.0 = Debug|x64
		{7F4F21D5-2EEA-4E83-AF4A-D28E1D3BD5A1}.Debug|x86.ActiveCfg = Debug|Win32
		{7F4F21D5-2EEA-4E83-AF4A-D28E1D3BD5A1}.Debug|x86.Build.0 = Debug|Win32
		{7F4F21D5-2EEA-4E83-AF4A-D28E1D3BD5A1}.Release|x64.ActiveCfg = Release|x64
		{7F4F21D5-2EEA-4E83-AF4A-D28E1D3BD5A1}.Release|x64.Build.0 = Release|x64
		{7F4F21D5-2EEA-4E83-AF4A-D28E1D3BD5A1}.Release|x86.ActiveCfg = Release|Win32
		{7F4F21D5-2EEA-4E83-AF4A-D28E1D3BD5A1}.Release|x86.Build.0 = Release|Win32
		{94E089E6-D169-4834-AF62-A4594BD2CD96}.Debug|x64.ActiveCfg = Debug|x64
		{94E089E6-D169-4834-AF62-A4594BD2CD96}.Debug|x64.Build.0 = Debug|x64
		{94E089E6-D169-4834-AF62-A4594BD2CD96}.Debug|x86.ActiveCfg = Debug|Win32
		{94E089E6-D169-4834-AF62-A4594BD2CD96}.Debug|x86.Build.0 = Debug|Win32
		{94E089E6-D169-4834-AF62-A4594BD2CD96}.Release|x64.ActiveCfg = Release|x64
		{94E089E6-D169-4834-AF62-A4594BD2CD96}.Release|x64.Build.0 = Release|x64
		{94E089E6-D169-4834-AF62-A4594BD2CD96}.Release|x86.ActiveCfg = Release|Win32
		{94E089E6-D169-4834-AF62-A4594BD2CD96}.Release|x86.Build.0 = Release|Win32
		{E36466C7-2A97-4C9D-B8CB-901DA77A18C3}.Debug|x64.ActiveCfg = Debug|x64
		{E36466C7-2A97-4C9D-B8CB-901DA77A18C3}.Debug|x64.Build.0 = Debug|x64
		{E36466C7-2A97-4C9D-B8CB-901DA77A18C3}.Debug|x86.ActiveCfg = Debug|Win32
		{E36466C7-2A97-4C9D-B8CB-901DA77A18C3}.Debug|x86.Build.0 = Debug|Win32
		{E36466C7-2A97-4C9D-B8CB-901DA77A18C3}.Release|x64.ActiveCfg = Release|x64
		{E36466C7-2A97-4C9D-B8CB-901DA77A18C3}.Release|x64.Build.0 = Release|x64
		{E36466C7-2A97-4C9D-B8CB-901DA77A18C3}.Release|x86.ActiveCfg = Release|Win32
		{E36466C7-2A97-4C9D-B8CB-901DA77A18C3}.Release|x86.Build.0 = Release|Win32
		{C59E8DCD-4E4F-4347-ABDA-15317F9B985C}.Debug|x64.ActiveCfg = Debug|x64
		{C59E8DCD-4E4F-4347-ABDA-15317F9B985C}.Debug|x64.Build.0 = Debug|x64
		{C59E8DCD-4E4F-4347-ABDA-15317F9B985C}.Debug|x86.ActiveCfg = Debug|Win32
		{C59E8DCD-4E4F-4347-ABDA-15317F9B985C}.Debug|x86.Build.0 = Debug|Win32
		{C59E8DCD-4E4F-4347-ABDA-15317F9B985C}.Release|x64.ActiveCfg = Release|x64
		{C59E8DCD-4E4F-4347-ABDA-15317F9B985C}.Release|x64.Build.0 = Release|x64
		{C59E8DCD-4E4F-4347-ABDA-15317F9B985C}.Release|x86.ActiveCfg = Release|Win32
		{C59E8DCD-4E4F-4347-ABDA-15317F9B985C}.Release|x86.Build.0 = Release|Win32
		{BF881ED1-1021-4266-87A9-1D691138FCE8}.Debug|x64.ActiveCfg = Debug|x64
		{BF881ED1-1021-4266-87A9-1D691138FCE8}.Debug|x64.Build.0 = Debug|x64
		{BF881ED1-1021-4266-87A9-1D691138FCE8}.Debug|x86.ActiveCfg = Debug|Win32
		{BF881ED1-1021-4266-87A9-1D691138FCE8}.Debug|x86.Build.0 = Debug|Win32
		{BF881ED1-1021-4266-87A9-1D691138FCE8}.Release|x64.ActiveCfg = Release|x64
		{BF881ED1-1021-4266-87A9-1D691138FCE8}.Release|x64.Build.0 = Release|x64
		{BF881ED1-1021-4266-87A9-1D691138FCE8}.Release|x86.ActiveCfg = Release|Win32
		{BF881ED1-1021-4266-87A9-1D691138FCE8}.Release|x86.Build.0 = Release|Win32
		{6F95599F-8FCB-4ED5-8AA6-26873E41EDEF}.Debug|x64.ActiveCfg = Debug|x64
		{6F95599F-8FCB-4ED5-8AA6-26873E41EDEF}.Debug|x64.Build.0 = Debug|x64
		{6F95599F-8FCB-4ED5-8AA6-26873E41EDEF}.Debug|x86.ActiveCfg = Debug|Win32
		{6F95599F-8FCB-4ED5-8AA6-26873E41EDEF}.Debug|x86.Build.0 = Debug|Win32
		{6F95599F-8FCB-4ED5-8AA6-26873E41EDEF}.Release|x64.ActiveCfg = Release|x64
		{6F95599F-8FCB-4ED5-8AA6-26873E41EDEF}.Release|x64.Build.0 = Release|x64
		{6F95599F-8FCB-4ED5-8AA6-26873E41EDEF}.Release|x86.ActiveCfg = Release|Win32
		{6F95599F-8FCB-4ED5-8AA6-26873E41EDEF}.Release|x86.Build.0 = Release|Win32
		{072C974A-395F-4FB6-8FAA-3F88F55C332F}.Debug|x64.ActiveCfg = Debug|x64
		{072C974A-395F-4FB6-8FAA-3F88F55C332F}.Debug|x64.Build.0 = Debug|x64
		{072C974A-395F-4FB6-8FAA-3F88F55C332F}.Debug|x86.ActiveCfg = Debug|Win32
		{072C974A-395F-4FB6-8FAA-3F88F55C332F}.Debug|x86.Build.0 = Debug|Win32
		{072C974A-395F-4FB6-8FAA-3F88F55C332F}.Release|x64.ActiveCfg = Release|x64
		{072C974A-395F-4FB6-8FAA-3F88F55C332F}.Release|x64.Build.0 = Release|x64
		{072C974A-395F-4FB6-8FAA-3F88F55C332F}.Release|x86.ActiveCfg = Release|Win32
		{072C974A-395F-4FB6-8FAA-3F88F55C332F}.Release|x86.Build.0 = Release|Win32
		{0F9A5AE0-F4E5-439B-BC25-34B7C70BE75E}.Debug|x64.ActiveCfg = Debug|x64
		{0F9A5AE0-F4E5-439B-BC25-34B7C70BE75E}.Debug|x64.Build.0 = Debug|x64
		{0F9A5AE0-F4E5-439B-BC25-34B7C70BE75E}.Debug|x86.ActiveCfg = Debug|Win32
		{0F9A5AE0-F4E5-439B-BC25-34B7C70BE75E}.Debug|x86.Build.0 = Debug|Win32
		{0F9A5AE0-F4E5-439B-BC25-34B7C70BE75E}.Release|x64.ActiveCfg = Release|x64
		{0F9A5AE0-F4E5-439B-BC25-34B7C70BE75E}.Release|x64.Build.0 = Release|x64
		{0F9A5AE0-F4E5-439B-BC25-34B7C70BE75E}.Release|x86.ActiveCfg = Release|Win32
		{0F9A5AE0-F4E5-439B-BC25-34B7C70BE75E}.Release|x86.Build.0 = Release|Win32
		{CDCCE947-6DA9-43D7-8CD4-DDA59E69DF7C}.Debug|x64.ActiveCfg = Debug|x64
		{CDCCE947-6DA9-43D7-8CD4-DDA59E69DF7C}.Debug|x64.Build.0 = Debug|x64
		{CDCCE947-6DA9-43D7-8CD4-DDA59E69DF7C}.Debug|x86.ActiveCfg = Debug|Win32
		{CDCCE947-6DA9-43D7-8CD4-DDA59E69DF7C}.Debug|x86.Build.0 = Debug|Win32
		{CDCCE947-6DA9-43D7-8CD4-DDA59E69DF7C}.Release|x64.ActiveCfg = Release|x64
		{CDCCE947-6DA9-43D7-8CD4-DDA59E69DF7C}.Release|x64.Build.0 = Release|x64
		{CDCCE947-6DA9-43D7-8CD4-DDA59E69DF7C}.Release|x86.ActiveCfg = Release|Win32
		{CDCCE947-6DA9-43D7-8CD4-DDA59E69DF7C}.Release|x86.Build.0 = Release|Win32
		{A5E121F6-FDC0-4D37-9581-3DA364BACC3E}.Debug|x64.ActiveCfg = Debug|x64
		{A5E121F6-FDC0-4D37-9581-3DA364BACC3E}.Debug|x64.Build.0 = Debug|x64
		{A5E121F6-FDC0-4D37-9581-3DA364BACC3E}.Debug|x86.ActiveCfg = Debug|Win32
		{A5E121F6-FDC0-4D37-9581-3DA364BACC3E}.Debug|x86.Build.0 = Debug|Win32
		{A5E121F6-FDC0-4D37-9581-3DA364BACC3E}.Release|x64.ActiveCfg = Release|x64
		{A5E121F6-FDC0-4D37-9581-3DA364BACC3E}.Release|x64.Build.0 = Release|x64
		{A5E121F6-FDC0-4D37-9581-3DA364BACC3E}.Release|x86.ActiveCfg = Release|Win32
		{A5E121F6-FDC0-4D37-9581-3DA364BACC3E}.Release|x86.Build.0 = Release|Win32
		{292E69C3-B659-436E-BECB-02F16AEE4591}.Debug|x64.ActiveCfg = Debug|x64
		{292E69C3-B659-436E-BECB-02F16AEE4591}.Debug|x64.Build.0 = Debug|x64
		{292E69C3-B659-436E-BECB-02F16AEE4591}.Debug|x86.ActiveCfg = Debug|Win32
		{292E69C3-B659-436E-BECB-02F16AEE4591}.Debug|x86.Build.0 = Debug|Win32
		{292E69C3-B659-436E-BECB-02F16AEE4591}.Release|x64.ActiveCfg = Release|x64
		{292E69C3-B659-436E-BECB-02F16AEE4591}.Release|x64.Build.0 = Release|x64
		{292E69C3-B659-436E-BECB-02F16AEE4591}.Release|x86.ActiveCfg = Release|Win32
		{292E69C3-B659-436E-BECB-02F16AEE4591}.Release|x86.Build.0 = Release|Win32
		{FD916F36-2FF1-4116-886B-ED8EB2ADE4EB}.Debug|x64.ActiveCfg = Debug|x64
		{FD916F36-2FF1-4116-886B-ED8EB2ADE4EB}.Debug|x64.Build.0 = Debug|x64
		{FD916F36-2FF1-4116-886B-ED8EB2ADE4EB}.Debug|x86.ActiveCfg = Debug|Win32
		{FD916F36-2FF1-4116-886B-ED8EB2ADE4EB}.Debug|x86.Build.0 = Debug|Win32
		{FD916F36-2FF1-4116-886B-ED8EB2ADE4EB}.Release|x64.ActiveCfg = Release|x64
		{FD916F36-2FF1-4116-886B-ED8EB2ADE4EB}.Release|x64.Build.0 = Release|x64
		{FD916F36-2FF1-4116-886B-ED8EB2ADE4EB}.Release|x86.ActiveCfg = Release|Win32
		{FD916F36-2FF1-4116-886B-ED8EB2ADE4EB}.Release|x86.Build.0 = Release|Win32
		{EF4B0957-9F34-46E5-8265-1917DDD52DC7}.Debug|x64.ActiveCfg = Debug|x64
		{EF4B0957-9F34-46E5-8265-1917DDD52DC7}.Debug|x64.Build.0 = Debug|x64
		{EF4B0957-9F34-46E5-8265-1917DDD52DC7}.Debug|x86.ActiveCfg = Debug|Win32
		{EF4B0957-9F34-46E5-8265-1917DDD52DC7}.Debug|x86.Build.0 = Debug|Win32
		{EF4B0957-9F34-46E5-8265-1917DDD52DC7}.Release|x64.ActiveCfg = Release|x64
		{EF4B0957-9F34-46E5-8265-1917DDD52DC7}.Release|x64.Build.0 = Release|x64
		{EF4B0957-9F34-46E5-8265-1917DDD52DC7}.Release|x86.ActiveCfg = Release|Win32
		{EF4B0957-9F34-46E5-8265-1917DDD52DC7}.Release|x86.Build.0 = Release|Win32
		{5F890699-43A4-41B4-B669-64FD63E2C153}.Debug|x64.ActiveCfg = Debug|x64
		{5F890699-43A4-41B4-B669-64FD63E2C153}.Debug|x64.Build.0 = Debug|x64
		{5F890699-43A4-41B4-B669-64FD63E2C153}.Debug|x86.ActiveCfg = Debug|Win32
		{5F890699-43A4-41B4-B669-64FD63E2C153}.Debug|x86.Build.0 = Debug|Win32
		{5F890699-43A4-41B4-B669-64FD63E2C153}.Release|x64.ActiveCfg = Release|x64
		{5F890699-43A4-41B4-B669-64FD63E2C153}.Release|x64.Build.0 = Release|x64
		{5F890699-43A4-41B4-B669-64FD63E2C153}.Release|x86.ActiveCfg = Release|Win32
		{5F890699-43A4-41B4-B669-64FD63E2C153}.Release|x86.Build.0 = Release|Win32
	EndGlobalSection
	GlobalSection(SolutionProperties) = preSolution
		HideSolutionNode = FALSE
	EndGlobalSection
	GlobalSection(ExtensibilityGlobals) = postSolution
		SolutionGuid = {27BF0905-0990-47E3-B983-B1A80AFE878D}
	EndGlobalSection
EndGlobal
